{
  "originHash" : "45d540657079c6d5df8319c0da24ded30e748a29e9e41be528fb0a5e9a4978d2",
  "pins" : [
    {
      "identity" : "autopilot-core",
      "kind" : "remoteSourceControl",
      "location" : "https://github.com/jschwefel-CBB/autopilot-core",
      "state" : {
        "revision" : "9bdac0f767f9ad6da74ef259c745302d454191aa",
        "version" : "3.1.0"
      }
    },
    {
      "identity" : "swift-argument-parser",
      "kind" : "remoteSourceControl",
      "location" : "https://github.com/apple/swift-argument-parser",
      "state" : {
        "revision" : "6a52f3251125d74daf04fcbd5e6f08a75d074382",
        "version" : "1.8.2"
      }
    }
  ],
  "version" : 3
}
